
Microsoft Visual Studio Solution File, Format Version 11.00
# Visual C++ Express 2010
Project("{8BC9CEB8-8B4A-11D0-8D11-00A0C91BC942}") = "demo2", "demo2\demo2.vcxproj", "{65F56F39-42C3-49C2-89A5-678CF280ED34}"
EndProject
Global
	GlobalSection(SolutionConfigurationPlatforms) = preSolution
		Debug|Win32 = Debug|Win32
		Release|Win32 = Release|Win32
	EndGlobalSection
	GlobalSection(ProjectConfigurationPlatforms) = postSolution
		{65F56F39-42C3-49C2-89A5-678CF280ED34}.Debug|Win32.ActiveCfg = Debug|Win32
		{65F56F39-42C3-49C2-89A5-678CF280ED34}.Debug|Win32.Build.0 = Debug|Win32
		{65F56F39-42C3-49C2-89A5-678CF280ED34}.Release|Win32.ActiveCfg = Release|Win32
		{65F56F39-42C3-49C2-89A5-678CF280ED34}.Release|Win32.Build.0 = Release|Win32
	EndGlobalSection
	GlobalSection(SolutionProperties) = preSolution
		HideSolutionNode = FALSE
	EndGlobalSection
EndGlobal
